
Microsoft Visual Studio Solution File, Format Version 12.00
# Visual Studio Version 16
VisualStudioVersion = 16.0.30413.136
MinimumVisualStudioVersion = 10.0.40219.1
Project("{FAE04EC0-301F-11D3-BF4B-00C04F79EFBC}") = "BackgroundServices.API", "BackgroundServices.API\BackgroundServices.API.csproj", "{34D092F8-0764-4468-BDDE-0AD597FE32CE}"
EndProject
Project("{FAE04EC0-301F-11D3-BF4B-00C04F79EFBC}") = "BackgroundServices.MessageQueues", "BackgroundServices.MessageQueues\BackgroundServices.MessageQueues.csproj", "{9556377C-CB25-4259-ADEB-802E1B66DF60}"
EndProject
Project("{FAE04EC0-301F-11D3-BF4B-00C04F79EFBC}") = "BackgroundServices.Domain", "BackgroundServices.Domain\BackgroundServices.Domain.csproj", "{A6DA889C-27A0-41C0-AB00-301E0C9D416F}"
EndProject
Global
	GlobalSection(SolutionConfigurationPlatforms) = preSolution
		Debug|Any CPU = Debug|Any CPU
		Release|Any CPU = Release|Any CPU
	EndGlobalSection
	GlobalSection(ProjectConfigurationPlatforms) = postSolution
		{34D092F8-0764-4468-BDDE-0AD597FE32CE}.Debug|Any CPU.ActiveCfg = Debug|Any CPU
		{34D092F8-0764-4468-BDDE-0AD597FE32CE}.Debug|Any CPU.Build.0 = Debug|Any CPU
		{34D092F8-0764-4468-BDDE-0AD597FE32CE}.Release|Any CPU.ActiveCfg = Release|Any CPU
		{34D092F8-0764-4468-BDDE-0AD597FE32CE}.Release|Any CPU.Build.0 = Release|Any CPU
		{9556377C-CB25-4259-ADEB-802E1B66DF60}.Debug|Any CPU.ActiveCfg = Debug|Any CPU
		{9556377C-CB25-4259-ADEB-802E1B66DF60}.Debug|Any CPU.Build.0 = Debug|Any CPU
		{9556377C-CB25-4259-ADEB-802E1B66DF60}.Release|Any CPU.ActiveCfg = Release|Any CPU
		{9556377C-CB25-4259-ADEB-802E1B66DF60}.Release|Any CPU.Build.0 = Release|Any CPU
		{A6DA889C-27A0-41C0-AB00-301E0C9D416F}.Debug|Any CPU.ActiveCfg = Debug|Any CPU
		{A6DA889C-27A0-41C0-AB00-301E0C9D416F}.Debug|Any CPU.Build.0 = Debug|Any CPU
		{A6DA889C-27A0-41C0-AB00-301E0C9D416F}.Release|Any CPU.ActiveCfg = Release|Any CPU
		{A6DA889C-27A0-41C0-AB00-301E0C9D416F}.Release|Any CPU.Build.0 = Release|Any CPU
	EndGlobalSection
	GlobalSection(SolutionProperties) = preSolution
		HideSolutionNode = FALSE
	EndGlobalSection
	GlobalSection(ExtensibilityGlobals) = postSolution
		SolutionGuid = {CB724016-3D74-4C5A-A910-F2544A1AE314}
	EndGlobalSection
EndGlobal
